
Microsoft Visual Studio Solution File, Format Version 12.00
# Visual Studio 14
VisualStudioVersion = 14.0.25420.1
MinimumVisualStudioVersion = 10.0.40219.1
Project("{FAE04EC0-301F-11D3-BF4B-00C04F79EFBC}") = "ExperienceCounter", "ExperienceCounter.csproj", "{9C29E146-E010-4F9A-B9B8-2010058335AE}"
EndProject
Global
	GlobalSection(SolutionConfigurationPlatforms) = preSolution
		Debug|Any CPU = Debug|Any CPU
		Debug|ARM = Debug|ARM
		Debug|x64 = Debug|x64
		Debug|x86 = Debug|x86
		Release|Any CPU = Release|Any CPU
		Release|ARM = Release|ARM
		Release|x64 = Release|x64
		Release|x86 = Release|x86
	EndGlobalSection
	GlobalSection(ProjectConfigurationPlatforms) = postSolution
		{9C29E146-E010-4F9A-B9B8-2010058335AE}.Debug|Any CPU.ActiveCfg = Debug|Any CPU
		{9C29E146-E010-4F9A-B9B8-2010058335AE}.Debug|Any CPU.Build.0 = Debug|Any CPU
		{9C29E146-E010-4F9A-B9B8-2010058335AE}.Debug|ARM.ActiveCfg = Debug|Any CPU
		{9C29E146-E010-4F9A-B9B8-2010058335AE}.Debug|x64.ActiveCfg = Debug|Any CPU
		{9C29E146-E010-4F9A-B9B8-2010058335AE}.Debug|x86.ActiveCfg = Debug|Any CPU
		{9C29E146-E010-4F9A-B9B8-2010058335AE}.Release|Any CPU.ActiveCfg = Release|Any CPU
		{9C29E146-E010-4F9A-B9B8-2010058335AE}.Release|Any CPU.Build.0 = Release|Any CPU
		{9C29E146-E010-4F9A-B9B8-2010058335AE}.Release|ARM.ActiveCfg = Release|Any CPU
		{9C29E146-E010-4F9A-B9B8-2010058335AE}.Release|x64.ActiveCfg = Release|Any CPU
		{9C29E146-E010-4F9A-B9B8-2010058335AE}.Release|x86.ActiveCfg = Release|Any CPU
	EndGlobalSection
	GlobalSection(SolutionProperties) = preSolution
		HideSolutionNode = FALSE
	EndGlobalSection
EndGlobal
